
Microsoft Visual Studio Solution File, Format Version 12.00
# Visual Studio Version 17
VisualStudioVersion = 17.10.34916.146
MinimumVisualStudioVersion = 10.0.40219.1
Project("{FAE04EC0-301F-11D3-BF4B-00C04F79EFBC}") = "Project", "Project.csproj", "{FAD7822D-2FB4-4EDD-8516-AF6700D2D357}"
EndProject
Global
	GlobalSection(SolutionConfigurationPlatforms) = preSolution
		Debug|Any CPU = Debug|Any CPU
		Release|Any CPU = Release|Any CPU
	EndGlobalSection
	GlobalSection(ProjectConfigurationPlatforms) = postSolution
		{FAD7822D-2FB4-4EDD-8516-AF6700D2D357}.Debug|Any CPU.ActiveCfg = Debug|Any CPU
		{FAD7822D-2FB4-4EDD-8516-AF6700D2D357}.Debug|Any CPU.Build.0 = Debug|Any CPU
		{FAD7822D-2FB4-4EDD-8516-AF6700D2D357}.Release|Any CPU.ActiveCfg = Release|Any CPU
		{FAD7822D-2FB4-4EDD-8516-AF6700D2D357}.Release|Any CPU.Build.0 = Release|Any CPU
	EndGlobalSection
	GlobalSection(SolutionProperties) = preSolution
		HideSolutionNode = FALSE
	EndGlobalSection
	GlobalSection(ExtensibilityGlobals) = postSolution
		SolutionGuid = {F405A3C9-D82C-44D9-84B3-9448E93BC9DF}
	EndGlobalSection
EndGlobal
